
Microsoft Visual Studio Solution File, Format Version 12.00
# Visual Studio Version 17
VisualStudioVersion = 17.0.32112.339
MinimumVisualStudioVersion = 10.0.40219.1
Project("{FAE04EC0-301F-11D3-BF4B-00C04F79EFBC}") = "Exercicio2_Lista3.ConsoleApp", "Exercicio2_Lista3.ConsoleApp\Exercicio2_Lista3.ConsoleApp.csproj", "{C633EB90-3425-4CC9-AFF8-06A775F52679}"
EndProject
Global
	GlobalSection(SolutionConfigurationPlatforms) = preSolution
		Debug|Any CPU = Debug|Any CPU
		Release|Any CPU = Release|Any CPU
	EndGlobalSection
	GlobalSection(ProjectConfigurationPlatforms) = postSolution
		{C633EB90-3425-4CC9-AFF8-06A775F52679}.Debug|Any CPU.ActiveCfg = Debug|Any CPU
		{C633EB90-3425-4CC9-AFF8-06A775F52679}.Debug|Any CPU.Build.0 = Debug|Any CPU
		{C633EB90-3425-4CC9-AFF8-06A775F52679}.Release|Any CPU.ActiveCfg = Release|Any CPU
		{C633EB90-3425-4CC9-AFF8-06A775F52679}.Release|Any CPU.Build.0 = Release|Any CPU
	EndGlobalSection
	GlobalSection(SolutionProperties) = preSolution
		HideSolutionNode = FALSE
	EndGlobalSection
	GlobalSection(ExtensibilityGlobals) = postSolution
		SolutionGuid = {0853C16D-B146-416C-853B-39BE86FFCB9B}
	EndGlobalSection
EndGlobal
